// !$*UTF8*$!
{
	archiveVersion = 1;
	classes = {
	};
	objectVersion = 56;
	objects = {

/* Begin PBXBuildFile section */
		5E1B4F4E2DDA8DEC0084CA53 /* ScoreKeeperApp.swift in Sources */ = {isa = PBXBuildFile; fileRef = 5E1B4F4D2DDA8DEC0084CA53 /* ScoreKeeperApp.swift */; };
		5E1B4F502DDA8DEC0084CA53 /* ContentView.swift in Sources */ = {isa = PBXBuildFile; fileRef = 5E1B4F4F2DDA8DEC0084CA53 /* ContentView.swift */; };
		5E1B4F522DDA8DEF0084CA53 /* Assets.xcassets in Resources */ = {isa = PBXBuildFile; fileRef = 5E1B4F512DDA8DEF0084CA53 /* Assets.xcassets */; };
		5E1B4F552DDA8DEF0084CA53 /* Preview Assets.xcassets in Resources */ = {isa = PBXBuildFile; fileRef = 5E1B4F542DDA8DEF0084CA53 /* Preview Assets.xcassets */; };
		5E1B4F5C2DDA91140084CA53 /* Player.swift in Sources */ = {isa = PBXBuildFile; fileRef = 5E1B4F5B2DDA91140084CA53 /* Player.swift */; };
		5EA07B732DDBC67000A62959 /* ScoreBoard.swift in Sources */ = {isa = PBXBuildFile; fileRef = 5EA07B722DDBC67000A62959 /* ScoreBoard.swift */; };
		5EA07B752DDBC7CA00A62959 /* GameState.swift in Sources */ = {isa = PBXBuildFile; fileRef = 5EA07B742DDBC7CA00A62959 /* GameState.swift */; };
		5EA07B7D2DDBCAD000A62959 /* ScoreKeeperTests.swift in Sources */ = {isa = PBXBuildFile; fileRef = 5EA07B7C2DDBCAD000A62959 /* ScoreKeeperTests.swift */; };
		5EA07B862DDBCF7800A62959 /* SettingsView.swift in Sources */ = {isa = PBXBuildFile; fileRef = 5EA07B852DDBCF7800A62959 /* SettingsView.swift */; };
/* End PBXBuildFile section */

/* Begin PBXContainerItemProxy section */
		5EA07B7E2DDBCAD000A62959 /* PBXContainerItemProxy */ = {
			isa = PBXContainerItemProxy;
			containerPortal = 5E1B4F422DDA8DEC0084CA53 /* Project object */;
			proxyType = 1;
			remoteGlobalIDString = 5E1B4F492DDA8DEC0084CA53;
			remoteInfo = ScoreKeeper;
		};
/* End PBXContainerItemProxy section */

/* Begin PBXFileReference section */
		5E1B4F4A2DDA8DEC0084CA53 /* ScoreKeeper.app */ = {isa = PBXFileReference; explicitFileType = wrapper.application; includeInIndex = 0; path = ScoreKeeper.app; sourceTree = BUILT_PRODUCTS_DIR; };
		5E1B4F4D2DDA8DEC0084CA53 /* ScoreKeeperApp.swift */ = {isa = PBXFileReference; lastKnownFileType = sourcecode.swift; path = ScoreKeeperApp.swift; sourceTree = "<group>"; };
		5E1B4F4F2DDA8DEC0084CA53 /* ContentView.swift */ = {isa = PBXFileReference; lastKnownFileType = sourcecode.swift; path = ContentView.swift; sourceTree = "<group>"; };
		5E1B4F512DDA8DEF0084CA53 /* Assets.xcassets */ = {isa = PBXFileReference; lastKnownFileType = folder.assetcatalog; path = Assets.xcassets; sourceTree = "<group>"; };
		5E1B4F542DDA8DEF0084CA53 /* Preview Assets.xcassets */ = {isa = PBXFileReference; lastKnownFileType = folder.assetcatalog; path = "Preview Assets.xcassets"; sourceTree = "<group>"; };
		5E1B4F5B2DDA91140084CA53 /* Player.swift */ = {isa = PBXFileReference; lastKnownFileType = sourcecode.swift; path = Player.swift; sourceTree = "<group>"; };
		5EA07B722DDBC67000A62959 /* ScoreBoard.swift */ = {isa = PBXFileReference; lastKnownFileType = sourcecode.swift; path = ScoreBoard.swift; sourceTree = "<group>"; };
		5EA07B742DDBC7CA00A62959 /* GameState.swift */ = {isa = PBXFileReference; lastKnownFileType = sourcecode.swift; path = GameState.swift; sourceTree = "<group>"; };
		5EA07B7A2DDBCAD000A62959 /* ScoreKeeperTests.xctest */ = {isa = PBXFileReference; explicitFileType = wrapper.cfbundle; includeInIndex = 0; path = ScoreKeeperTests.xctest; sourceTree = BUILT_PRODUCTS_DIR; };
		5EA07B7C2DDBCAD000A62959 /* ScoreKeeperTests.swift */ = {isa = PBXFileReference; lastKnownFileType = sourcecode.swift; path = ScoreKeeperTests.swift; sourceTree = "<group>"; };
		5EA07B852DDBCF7800A62959 /* SettingsView.swift */ = {isa = PBXFileReference; lastKnownFileType = sourcecode.swift; path = SettingsView.swift; sourceTree = "<group>"; };
/* End PBXFileReference section */

/* Begin PBXFrameworksBuildPhase section */
		5E1B4F472DDA8DEC0084CA53 /* Frameworks */ = {
			isa = PBXFrameworksBuildPhase;
			buildActionMask = 2147483647;
			files = (
			);
			runOnlyForDeploymentPostprocessing = 0;
		};
		5EA07B772DDBCAD000A62959 /* Frameworks */ = {
			isa = PBXFrameworksBuildPhase;
			buildActionMask = 2147483647;
			files = (
			);
			runOnlyForDeploymentPostprocessing = 0;
		};
/* End PBXFrameworksBuildPhase section */

/* Begin PBXGroup section */
		5E1B4F412DDA8DEC0084CA53 = {
			isa = PBXGroup;
			children = (
				5E1B4F4C2DDA8DEC0084CA53 /* ScoreKeeper */,
				5EA07B7B2DDBCAD000A62959 /* ScoreKeeperTests */,
				5E1B4F4B2DDA8DEC0084CA53 /* Products */,
			);
			sourceTree = "<group>";
		};
		5E1B4F4B2DDA8DEC0084CA53 /* Products */ = {
			isa = PBXGroup;
			children = (
				5E1B4F4A2DDA8DEC0084CA53 /* ScoreKeeper.app */,
				5EA07B7A2DDBCAD000A62959 /* ScoreKeeperTests.xctest */,
			);
			name = Products;
			sourceTree = "<group>";
		};
		5E1B4F4C2DDA8DEC0084CA53 /* ScoreKeeper */ = {
			isa = PBXGroup;
			children = (
				5E1B4F4D2DDA8DEC0084CA53 /* ScoreKeeperApp.swift */,
				5E1B4F5B2DDA91140084CA53 /* Player.swift */,
				5E1B4F4F2DDA8DEC0084CA53 /* ContentView.swift */,
				5E1B4F512DDA8DEF0084CA53 /* Assets.xcassets */,
				5E1B4F532DDA8DEF0084CA53 /* Preview Content */,
				5EA07B722DDBC67000A62959 /* ScoreBoard.swift */,
				5EA07B742DDBC7CA00A62959 /* GameState.swift */,
				5EA07B852DDBCF7800A62959 /* SettingsView.swift */,
			);
			path = ScoreKeeper;
			sourceTree = "<group>";
		};
		5E1B4F532DDA8DEF0084CA53 /* Preview Content */ = {
			isa = PBXGroup;
			children = (
				5E1B4F542DDA8DEF0084CA53 /* Preview Assets.xcassets */,
			);
			path = "Preview Content";
			sourceTree = "<group>";
		};
		5EA07B7B2DDBCAD000A62959 /* ScoreKeeperTests */ = {
			isa = PBXGroup;
			children = (
				5EA07B7C2DDBCAD000A62959 /* ScoreKeeperTests.swift */,
			);
			path = ScoreKeeperTests;
			sourceTree = "<group>";
		};
/* End PBXGroup section */

/* Begin PBXNativeTarget section */
		5E1B4F492DDA8DEC0084CA53 /* ScoreKeeper */ = {
			isa = PBXNativeTarget;
			buildConfigurationList = 5E1B4F582DDA8DEF0084CA53 /* Build configuration list for PBXNativeTarget "ScoreKeeper" */;
			buildPhases = (
				5E1B4F462DDA8DEC0084CA53 /* Sources */,
				5E1B4F472DDA8DEC0084CA53 /* Frameworks */,
				5E1B4F482DDA8DEC0084CA53 /* Resources */,
			);
			buildRules = (
			);
			dependencies = (
			);
			name = ScoreKeeper;
			productName = ScoreKeeper;
			productReference = 5E1B4F4A2DDA8DEC0084CA53 /* ScoreKeeper.app */;
			productType = "com.apple.product-type.application";
		};
		5EA07B792DDBCAD000A62959 /* ScoreKeeperTests */ = {
			isa = PBXNativeTarget;
			buildConfigurationList = 5EA07B802DDBCAD000A62959 /* Build configuration list for PBXNativeTarget "ScoreKeeperTests" */;
			buildPhases = (
				5EA07B762DDBCAD000A62959 /* Sources */,
				5EA07B772DDBCAD000A62959 /* Frameworks */,
				5EA07B782DDBCAD000A62959 /* Resources */,
			);
			buildRules = (
			);
			dependencies = (
				5EA07B7F2DDBCAD000A62959 /* PBXTargetDependency */,
			);
			name = ScoreKeeperTests;
			productName = ScoreKeeperTests;
			productReference = 5EA07B7A2DDBCAD000A62959 /* ScoreKeeperTests.xctest */;
			productType = "com.apple.product-type.bundle.unit-test";
		};
/* End PBXNativeTarget section */

/* Begin PBXProject section */
		5E1B4F422DDA8DEC0084CA53 /* Project object */ = {
			isa = PBXProject;
			attributes = {
				BuildIndependentTargetsInParallel = 1;
				LastSwiftUpdateCheck = 1420;
				LastUpgradeCheck = 1420;
				TargetAttributes = {
					5E1B4F492DDA8DEC0084CA53 = {
						CreatedOnToolsVersion = 14.2;
					};
					5EA07B792DDBCAD000A62959 = {
						CreatedOnToolsVersion = 14.2;
						TestTargetID = 5E1B4F492DDA8DEC0084CA53;
					};
				};
			};
			buildConfigurationList = 5E1B4F452DDA8DEC0084CA53 /* Build configuration list for PBXProject "ScoreKeeper" */;
			compatibilityVersion = "Xcode 14.0";
			developmentRegion = en;
			hasScannedForEncodings = 0;
			knownRegions = (
				en,
				Base,
			);
			mainGroup = 5E1B4F412DDA8DEC0084CA53;
			productRefGroup = 5E1B4F4B2DDA8DEC0084CA53 /* Products */;
			projectDirPath = "";
			projectRoot = "";
			targets = (
				5E1B4F492DDA8DEC0084CA53 /* ScoreKeeper */,
				5EA07B792DDBCAD000A62959 /* ScoreKeeperTests */,
			);
		};
/* End PBXProject section */

/* Begin PBXResourcesBuildPhase section */
		5E1B4F482DDA8DEC0084CA53 /* Resources */ = {
			isa = PBXResourcesBuildPhase;
			buildActionMask = 2147483647;
			files = (
				5E1B4F552DDA8DEF0084CA53 /* Preview Assets.xcassets in Resources */,
				5E1B4F522DDA8DEF0084CA53 /* Assets.xcassets in Resources */,
			);
			runOnlyForDeploymentPostprocessing = 0;
		};
		5EA07B782DDBCAD000A62959 /* Resources */ = {
			isa = PBXResourcesBuildPhase;
			buildActionMask = 2147483647;
			files = (
			);
			runOnlyForDeploymentPostprocessing = 0;
		};
/* End PBXResourcesBuildPhase section */

/* Begin PBXSourcesBuildPhase section */
		5E1B4F462DDA8DEC0084CA53 /* Sources */ = {
			isa = PBXSourcesBuildPhase;
			buildActionMask = 2147483647;
			files = (
				5E1B4F502DDA8DEC0084CA53 /* ContentView.swift in Sources */,
				5E1B4F5C2DDA91140084CA53 /* Player.swift in Sources */,
				5EA07B752DDBC7CA00A62959 /* GameState.swift in Sources */,
				5EA07B862DDBCF7800A62959 /* SettingsView.swift in Sources */,
				5E1B4F4E2DDA8DEC0084CA53 /* ScoreKeeperApp.swift in Sources */,
				5EA07B732DDBC67000A62959 /* ScoreBoard.swift in Sources */,
			);
			runOnlyForDeploymentPostprocessing = 0;
		};
		5EA07B762DDBCAD000A62959 /* Sources */ = {
			isa = PBXSourcesBuildPhase;
			buildActionMask = 2147483647;
			files = (
				5EA07B7D2DDBCAD000A62959 /* ScoreKeeperTests.swift in Sources */,
			);
			runOnlyForDeploymentPostprocessing = 0;
		};
/* End PBXSourcesBuildPhase section */

/* Begin PBXTargetDependency section */
		5EA07B7F2DDBCAD000A62959 /* PBXTargetDependency */ = {
			isa = PBXTargetDependency;
			target = 5E1B4F492DDA8DEC0084CA53 /* ScoreKeeper */;
			targetProxy = 5EA07B7E2DDBCAD000A62959 /* PBXContainerItemProxy */;
		};
/* End PBXTargetDependency section */

/* Begin XCBuildConfiguration section */
		5E1B4F562DDA8DEF0084CA53 /* Debug */ = {
			isa = XCBuildConfiguration;
			buildSettings = {
				ALWAYS_SEARCH_USER_PATHS = NO;
				CLANG_ANALYZER_NONNULL = YES;
				CLANG_ANALYZER_NUMBER_OBJECT_CONVERSION = YES_AGGRESSIVE;
				CLANG_CXX_LANGUAGE_STANDARD = "gnu++20";
				CLANG_ENABLE_MODULES = YES;
				CLANG_ENABLE_OBJC_ARC = YES;
				CLANG_ENABLE_OBJC_WEAK = YES;
				CLANG_WARN_BLOCK_CAPTURE_AUTORELEASING = YES;
				CLANG_WARN_BOOL_CONVERSION = YES;
				CLANG_WARN_COMMA = YES;
				CLANG_WARN_CONSTANT_CONVERSION = YES;
				CLANG_WARN_DEPRECATED_OBJC_IMPLEMENTATIONS = YES;
				CLANG_WARN_DIRECT_OBJC_ISA_USAGE = YES_ERROR;
				CLANG_WARN_DOCUMENTATION_COMMENTS = YES;
				CLANG_WARN_EMPTY_BODY = YES;
				CLANG_WARN_ENUM_CONVERSION = YES;
				CLANG_WARN_INFINITE_RECURSION = YES;
				CLANG_WARN_INT_CONVERSION = YES;
				CLANG_WARN_NON_LITERAL_NULL_CONVERSION = YES;
				CLANG_WARN_OBJC_IMPLICIT_RETAIN_SELF = YES;
				CLANG_WARN_OBJC_LITERAL_CONVERSION = YES;
				CLANG_WARN_OBJC_ROOT_CLASS = YES_ERROR;
				CLANG_WARN_QUOTED_INCLUDE_IN_FRAMEWORK_HEADER = YES;
				CLANG_WARN_RANGE_LOOP_ANALYSIS = YES;
				CLANG_WARN_STRICT_PROTOTYPES = YES;
				CLANG_WARN_SUSPICIOUS_MOVE = YES;
				CLANG_WARN_UNGUARDED_AVAILABILITY = YES_AGGRESSIVE;
				CLANG_WARN_UNREACHABLE_CODE = YES;
				CLANG_WARN__DUPLICATE_METHOD_MATCH = YES;
				COPY_PHASE_STRIP = NO;
				DEBUG_INFORMATION_FORMAT = dwarf;
				ENABLE_STRICT_OBJC_MSGSEND = YES;
				ENABLE_TESTABILITY = YES;
				GCC_C_LANGUAGE_STANDARD = gnu11;
				GCC_DYNAMIC_NO_PIC = NO;
				GCC_NO_COMMON_BLOCKS = YES;
				GCC_OPTIMIZATION_LEVEL = 0;
				GCC_PREPROCESSOR_DEFINITIONS = (
					"DEBUG=1",
					"$(inherited)",
				);
				GCC_WARN_64_TO_32_BIT_CONVERSION = YES;
				GCC_WARN_ABOUT_RETURN_TYPE = YES_ERROR;
				GCC_WARN_UNDECLARED_SELECTOR = YES;
				GCC_WARN_UNINITIALIZED_AUTOS = YES_AGGRESSIVE;
				GCC_WARN_UNUSED_FUNCTION = YES;
				GCC_WARN_UNUSED_VARIABLE = YES;
				IPHONEOS_DEPLOYMENT_TARGET = 16.2;
				MTL_ENABLE_DEBUG_INFO = INCLUDE_SOURCE;
				MTL_FAST_MATH = YES;
				ONLY_ACTIVE_ARCH = YES;
				SDKROOT = iphoneos;
				SWIFT_ACTIVE_COMPILATION_CONDITIONS = DEBUG;
				SWIFT_OPTIMIZATION_LEVEL = "-Onone";
			};
			name = Debug;
		};
		5E1B4F572DDA8DEF0084CA53 /* Release */ = {
			isa = XCBuildConfiguration;
			buildSettings = {
				ALWAYS_SEARCH_USER_PATHS = NO;
				CLANG_ANALYZER_NONNULL = YES;
				CLANG_ANALYZER_NUMBER_OBJECT_CONVERSION = YES_AGGRESSIVE;
				CLANG_CXX_LANGUAGE_STANDARD = "gnu++20";
				CLANG_ENABLE_MODULES = YES;
				CLANG_ENABLE_OBJC_ARC = YES;
				CLANG_ENABLE_OBJC_WEAK = YES;
				CLANG_WARN_BLOCK_CAPTURE_AUTORELEASING = YES;
				CLANG_WARN_BOOL_CONVERSION = YES;
				CLANG_WARN_COMMA = YES;
				CLANG_WARN_CONSTANT_CONVERSION = YES;
				CLANG_WARN_DEPRECATED_OBJC_IMPLEMENTATIONS = YES;
				CLANG_WARN_DIRECT_OBJC_ISA_USAGE = YES_ERROR;
				CLANG_WARN_DOCUMENTATION_COMMENTS = YES;
				CLANG_WARN_EMPTY_BODY = YES;
				CLANG_WARN_ENUM_CONVERSION = YES;
				CLANG_WARN_INFINITE_RECURSION = YES;
				CLANG_WARN_INT_CONVERSION = YES;
				CLANG_WARN_NON_LITERAL_NULL_CONVERSION = YES;
				CLANG_WARN_OBJC_IMPLICIT_RETAIN_SELF = YES;
				CLANG_WARN_OBJC_LITERAL_CONVERSION = YES;
				CLANG_WARN_OBJC_ROOT_CLASS = YES_ERROR;
				CLANG_WARN_QUOTED_INCLUDE_IN_FRAMEWORK_HEADER = YES;
				CLANG_WARN_RANGE_LOOP_ANALYSIS = YES;
				CLANG_WARN_STRICT_PROTOTYPES = YES;
				CLANG_WARN_SUSPICIOUS_MOVE = YES;
				CLANG_WARN_UNGUARDED_AVAILABILITY = YES_AGGRESSIVE;
				CLANG_WARN_UNREACHABLE_CODE = YES;
				CLANG_WARN__DUPLICATE_METHOD_MATCH = YES;
				COPY_PHASE_STRIP = NO;
				DEBUG_INFORMATION_FORMAT = "dwarf-with-dsym";
				ENABLE_NS_ASSERTIONS = NO;
				ENABLE_STRICT_OBJC_MSGSEND = YES;
				GCC_C_LANGUAGE_STANDARD = gnu11;
				GCC_NO_COMMON_BLOCKS = YES;
				GCC_WARN_64_TO_32_BIT_CONVERSION = YES;
				GCC_WARN_ABOUT_RETURN_TYPE = YES_ERROR;
				GCC_WARN_UNDECLARED_SELECTOR = YES;
				GCC_WARN_UNINITIALIZED_AUTOS = YES_AGGRESSIVE;
				GCC_WARN_UNUSED_FUNCTION = YES;
				GCC_WARN_UNUSED_VARIABLE = YES;
				IPHONEOS_DEPLOYMENT_TARGET = 16.2;
				MTL_ENABLE_DEBUG_INFO = NO;
				MTL_FAST_MATH = YES;
				SDKROOT = iphoneos;
				SWIFT_COMPILATION_MODE = wholemodule;
				SWIFT_OPTIMIZATION_LEVEL = "-O";
				VALIDATE_PRODUCT = YES;
			};
			name = Release;
		};
		5E1B4F592DDA8DEF0084CA53 /* Debug */ = {
			isa = XCBuildConfiguration;
			buildSettings = {
				ASSETCATALOG_COMPILER_APPICON_NAME = AppIcon;
				ASSETCATALOG_COMPILER_GLOBAL_ACCENT_COLOR_NAME = AccentColor;
				CODE_SIGN_STYLE = Automatic;
				CURRENT_PROJECT_VERSION = 1;
				DEVELOPMENT_ASSET_PATHS = "\"ScoreKeeper/Preview Content\"";
				ENABLE_PREVIEWS = YES;
				GENERATE_INFOPLIST_FILE = YES;
				INFOPLIST_KEY_UIApplicationSceneManifest_Generation = YES;
				INFOPLIST_KEY_UIApplicationSupportsIndirectInputEvents = YES;
				INFOPLIST_KEY_UILaunchScreen_Generation = YES;
				INFOPLIST_KEY_UISupportedInterfaceOrientations_iPad = "UIInterfaceOrientationPortrait UIInterfaceOrientationPortraitUpsideDown UIInterfaceOrientationLandscapeLeft UIInterfaceOrientationLandscapeRight";
				INFOPLIST_KEY_UISupportedInterfaceOrientations_iPhone = "UIInterfaceOrientationPortrait UIInterfaceOrientationLandscapeLeft UIInterfaceOrientationLandscapeRight";
				LD_RUNPATH_SEARCH_PATHS = (
					"$(inherited)",
					"@executable_path/Frameworks",
				);
				MARKETING_VERSION = 1.0;
				PRODUCT_BUNDLE_IDENTIFIER = cpp.ScoreKeeper;
				PRODUCT_NAME = "$(TARGET_NAME)";
				SWIFT_EMIT_LOC_STRINGS = YES;
				SWIFT_VERSION = 5.0;
				TARGETED_DEVICE_FAMILY = "1,2";
			};
			name = Debug;
		};
		5E1B4F5A2DDA8DEF0084CA53 /* Release */ = {
			isa = XCBuildConfiguration;
			buildSettings = {
				ASSETCATALOG_COMPILER_APPICON_NAME = AppIcon;
				ASSETCATALOG_COMPILER_GLOBAL_ACCENT_COLOR_NAME = AccentColor;
				CODE_SIGN_STYLE = Automatic;
				CURRENT_PROJECT_VERSION = 1;
				DEVELOPMENT_ASSET_PATHS = "\"ScoreKeeper/Preview Content\"";
				ENABLE_PREVIEWS = YES;
				GENERATE_INFOPLIST_FILE = YES;
				INFOPLIST_KEY_UIApplicationSceneManifest_Generation = YES;
				INFOPLIST_KEY_UIApplicationSupportsIndirectInputEvents = YES;
				INFOPLIST_KEY_UILaunchScreen_Generation = YES;
				INFOPLIST_KEY_UISupportedInterfaceOrientations_iPad = "UIInterfaceOrientationPortrait UIInterfaceOrientationPortraitUpsideDown UIInterfaceOrientationLandscapeLeft UIInterfaceOrientationLandscapeRight";
				INFOPLIST_KEY_UISupportedInterfaceOrientations_iPhone = "UIInterfaceOrientationPortrait UIInterfaceOrientationLandscapeLeft UIInterfaceOrientationLandscapeRight";
				LD_RUNPATH_SEARCH_PATHS = (
					"$(inherited)",
					"@executable_path/Frameworks",
				);
				MARKETING_VERSION = 1.0;
				PRODUCT_BUNDLE_IDENTIFIER = cpp.ScoreKeeper;
				PRODUCT_NAME = "$(TARGET_NAME)";
				SWIFT_EMIT_LOC_STRINGS = YES;
				SWIFT_VERSION = 5.0;
				TARGETED_DEVICE_FAMILY = "1,2";
			};
			name = Release;
		};
		5EA07B812DDBCAD000A62959 /* Debug */ = {
			isa = XCBuildConfiguration;
			buildSettings = {
				BUNDLE_LOADER = "$(TEST_HOST)";
				CODE_SIGN_STYLE = Automatic;
				CURRENT_PROJECT_VERSION = 1;
				GENERATE_INFOPLIST_FILE = YES;
				MARKETING_VERSION = 1.0;
				PRODUCT_BUNDLE_IDENTIFIER = cpp.ScoreKeeperTests;
				PRODUCT_NAME = "$(TARGET_NAME)";
				SWIFT_EMIT_LOC_STRINGS = NO;
				SWIFT_VERSION = 5.0;
				TARGETED_DEVICE_FAMILY = "1,2";
				TEST_HOST = "$(BUILT_PRODUCTS_DIR)/ScoreKeeper.app/$(BUNDLE_EXECUTABLE_FOLDER_PATH)/ScoreKeeper";
			};
			name = Debug;
		};
		5EA07B822DDBCAD000A62959 /* Release */ = {
			isa = XCBuildConfiguration;
			buildSettings = {
				BUNDLE_LOADER = "$(TEST_HOST)";
				CODE_SIGN_STYLE = Automatic;
				CURRENT_PROJECT_VERSION = 1;
				GENERATE_INFOPLIST_FILE = YES;
				MARKETING_VERSION = 1.0;
				PRODUCT_BUNDLE_IDENTIFIER = cpp.ScoreKeeperTests;
				PRODUCT_NAME = "$(TARGET_NAME)";
				SWIFT_EMIT_LOC_STRINGS = NO;
				SWIFT_VERSION = 5.0;
				TARGETED_DEVICE_FAMILY = "1,2";
				TEST_HOST = "$(BUILT_PRODUCTS_DIR)/ScoreKeeper.app/$(BUNDLE_EXECUTABLE_FOLDER_PATH)/ScoreKeeper";
			};
			name = Release;
		};
/* End XCBuildConfiguration section */

/* Begin XCConfigurationList section */
		5E1B4F452DDA8DEC0084CA53 /* Build configuration list for PBXProject "ScoreKeeper" */ = {
			isa = XCConfigurationList;
			buildConfigurations = (
				5E1B4F562DDA8DEF0084CA53 /* Debug */,
				5E1B4F572DDA8DEF0084CA53 /* Release */,
			);
			defaultConfigurationIsVisible = 0;
			defaultConfigurationName = Release;
		};
		5E1B4F582DDA8DEF0084CA53 /* Build configuration list for PBXNativeTarget "ScoreKeeper" */ = {
			isa = XCConfigurationList;
			buildConfigurations = (
				5E1B4F592DDA8DEF0084CA53 /* Debug */,
				5E1B4F5A2DDA8DEF0084CA53 /* Release */,
			);
			defaultConfigurationIsVisible = 0;
			defaultConfigurationName = Release;
		};
		5EA07B802DDBCAD000A62959 /* Build configuration list for PBXNativeTarget "ScoreKeeperTests" */ = {
			isa = XCConfigurationList;
			buildConfigurations = (
				5EA07B812DDBCAD000A62959 /* Debug */,
				5EA07B822DDBCAD000A62959 /* Release */,
			);
			defaultConfigurationIsVisible = 0;
			defaultConfigurationName = Release;
		};
/* End XCConfigurationList section */
	};
	rootObject = 5E1B4F422DDA8DEC0084CA53 /* Project object */;
}
